
Microsoft Visual Studio Solution File, Format Version 12.00
# Visual Studio 15
VisualStudioVersion = 15.0.28307.421
MinimumVisualStudioVersion = 10.0.40219.1
Project("{FAE04EC0-301F-11D3-BF4B-00C04F79EFBC}") = "QuantumDecompTest", "QuantumDecompTest.csproj", "{05E783B9-2457-4115-9FE4-1D708AF90827}"
EndProject
Global
	GlobalSection(SolutionConfigurationPlatforms) = preSolution
		Debug|Any CPU = Debug|Any CPU
		Release|Any CPU = Release|Any CPU
	EndGlobalSection
	GlobalSection(ProjectConfigurationPlatforms) = postSolution
		{05E783B9-2457-4115-9FE4-1D708AF90827}.Debug|Any CPU.ActiveCfg = Debug|Any CPU
		{05E783B9-2457-4115-9FE4-1D708AF90827}.Debug|Any CPU.Build.0 = Debug|Any CPU
		{05E783B9-2457-4115-9FE4-1D708AF90827}.Release|Any CPU.ActiveCfg = Release|Any CPU
		{05E783B9-2457-4115-9FE4-1D708AF90827}.Release|Any CPU.Build.0 = Release|Any CPU
	EndGlobalSection
	GlobalSection(SolutionProperties) = preSolution
		HideSolutionNode = FALSE
	EndGlobalSection
	GlobalSection(ExtensibilityGlobals) = postSolution
		SolutionGuid = {95EF7AF7-05F3-41DA-A17E-F408391FAFCB}
	EndGlobalSection
EndGlobal
